
Microsoft Visual Studio Solution File, Format Version 12.00
Project("{FAE04EC0-301F-11D3-BF4B-00C04F79EFBC}") = "WindowsServiceWatchdog", "WindowsServiceWatchdog\WindowsServiceWatchdog.csproj", "{7C73793A-0D8C-4E7A-A31F-02C16810F58B}"
EndProject
Project("{FAE04EC0-301F-11D3-BF4B-00C04F79EFBC}") = "PeanutButter.ServiceShell", "PeanutButter\source\Win32Service\PeanutButter.ServiceShell\PeanutButter.ServiceShell.csproj", "{DEEF415A-7CB0-4DCE-AB98-B2AE28869254}"
EndProject
Project("{FAE04EC0-301F-11D3-BF4B-00C04F79EFBC}") = "PeanutButter.WindowsServiceManagement", "PeanutButter\source\Win32Service\PeanutButter.WindowsServiceManagement\PeanutButter.WindowsServiceManagement.csproj", "{B9623141-8ADA-4363-97BD-A2143DA75C79}"
EndProject
Project("{FAE04EC0-301F-11D3-BF4B-00C04F79EFBC}") = "PeanutButter.INI", "PeanutButter\source\INI\PeanutButter.INI\PeanutButter.INI.csproj", "{EC3006FA-751F-484D-81CC-8DCB62F82039}"
EndProject
Global
	GlobalSection(SolutionConfigurationPlatforms) = preSolution
		Debug|Any CPU = Debug|Any CPU
		Release|Any CPU = Release|Any CPU
		DebugPeanutButter|Any CPU = DebugPeanutButter|Any CPU
	EndGlobalSection
	GlobalSection(ProjectConfigurationPlatforms) = postSolution
		{7C73793A-0D8C-4E7A-A31F-02C16810F58B}.Debug|Any CPU.ActiveCfg = Debug|Any CPU
		{7C73793A-0D8C-4E7A-A31F-02C16810F58B}.Debug|Any CPU.Build.0 = Debug|Any CPU
		{7C73793A-0D8C-4E7A-A31F-02C16810F58B}.Release|Any CPU.ActiveCfg = Release|Any CPU
		{7C73793A-0D8C-4E7A-A31F-02C16810F58B}.Release|Any CPU.Build.0 = Release|Any CPU
		{7C73793A-0D8C-4E7A-A31F-02C16810F58B}.DebugPeanutButter|Any CPU.ActiveCfg = DebugPeanutButter|Any CPU
		{7C73793A-0D8C-4E7A-A31F-02C16810F58B}.DebugPeanutButter|Any CPU.Build.0 = DebugPeanutButter|Any CPU
		{DEEF415A-7CB0-4DCE-AB98-B2AE28869254}.Debug|Any CPU.ActiveCfg = Debug|Any CPU
		{DEEF415A-7CB0-4DCE-AB98-B2AE28869254}.Release|Any CPU.ActiveCfg = Release|Any CPU
		{DEEF415A-7CB0-4DCE-AB98-B2AE28869254}.DebugPeanutButter|Any CPU.ActiveCfg = DebugPeanutButter|Any CPU
		{DEEF415A-7CB0-4DCE-AB98-B2AE28869254}.DebugPeanutButter|Any CPU.Build.0 = DebugPeanutButter|Any CPU
		{B9623141-8ADA-4363-97BD-A2143DA75C79}.Debug|Any CPU.ActiveCfg = Debug|Any CPU
		{B9623141-8ADA-4363-97BD-A2143DA75C79}.Release|Any CPU.ActiveCfg = Release|Any CPU
		{B9623141-8ADA-4363-97BD-A2143DA75C79}.DebugPeanutButter|Any CPU.ActiveCfg = DebugPeanutButter|Any CPU
		{B9623141-8ADA-4363-97BD-A2143DA75C79}.DebugPeanutButter|Any CPU.Build.0 = DebugPeanutButter|Any CPU
		{EC3006FA-751F-484D-81CC-8DCB62F82039}.Debug|Any CPU.ActiveCfg = Debug|Any CPU
		{EC3006FA-751F-484D-81CC-8DCB62F82039}.Release|Any CPU.ActiveCfg = Release|Any CPU
		{EC3006FA-751F-484D-81CC-8DCB62F82039}.DebugPeanutButter|Any CPU.ActiveCfg = DebugPeanutButter|Any CPU
		{EC3006FA-751F-484D-81CC-8DCB62F82039}.DebugPeanutButter|Any CPU.Build.0 = DebugPeanutButter|Any CPU
	EndGlobalSection
EndGlobal
